// !$*UTF8*$!
{
	archiveVersion = 1;
	classes = {
	};
	objectVersion = 77;
	objects = {

/* Begin PBXBuildFile section */
		999B0BE12FB47D8000654C54 /* Auth in Frameworks */ = {isa = PBXBuildFile; productRef = 999B0BE02FB47D8000654C54 /* Auth */; };
		999B0BE32FB47D8000654C54 /* Functions in Frameworks */ = {isa = PBXBuildFile; productRef = 999B0BE22FB47D8000654C54 /* Functions */; };
		999B0BE52FB47D8000654C54 /* PostgREST in Frameworks */ = {isa = PBXBuildFile; productRef = 999B0BE42FB47D8000654C54 /* PostgREST */; };
		999B0BE72FB47D8000654C54 /* Realtime in Frameworks */ = {isa = PBXBuildFile; productRef = 999B0BE62FB47D8000654C54 /* Realtime */; };
		999B0BE92FB47D8000654C54 /* Storage in Frameworks */ = {isa = PBXBuildFile; productRef = 999B0BE82FB47D8000654C54 /* Storage */; };
		999B0BEB2FB47D8000654C54 /* Supabase in Frameworks */ = {isa = PBXBuildFile; productRef = 999B0BEA2FB47D8000654C54 /* Supabase */; };
/* End PBXBuildFile section */

/* Begin PBXContainerItemProxy section */
		999B0B2F2FB47A6C00654C54 /* PBXContainerItemProxy */ = {
			isa = PBXContainerItemProxy;
			containerPortal = 999B0B192FB47A6A00654C54 /* Project object */;
			proxyType = 1;
			remoteGlobalIDString = 999B0B202FB47A6A00654C54;
			remoteInfo = Bakarat;
		};
		999B0B392FB47A6C00654C54 /* PBXContainerItemProxy */ = {
			isa = PBXContainerItemProxy;
			containerPortal = 999B0B192FB47A6A00654C54 /* Project object */;
			proxyType = 1;
			remoteGlobalIDString = 999B0B202FB47A6A00654C54;
			remoteInfo = Bakarat;
		};
/* End PBXContainerItemProxy section */

/* Begin PBXFileReference section */
		999B0B212FB47A6A00654C54 /* Bakarat.app */ = {isa = PBXFileReference; explicitFileType = wrapper.application; includeInIndex = 0; path = Bakarat.app; sourceTree = BUILT_PRODUCTS_DIR; };
		999B0B2E2FB47A6C00654C54 /* BakaratTests.xctest */ = {isa = PBXFileReference; explicitFileType = wrapper.cfbundle; includeInIndex = 0; path = BakaratTests.xctest; sourceTree = BUILT_PRODUCTS_DIR; };
		999B0B382FB47A6C00654C54 /* BakaratUITests.xctest */ = {isa = PBXFileReference; explicitFileType = wrapper.cfbundle; includeInIndex = 0; path = BakaratUITests.xctest; sourceTree = BUILT_PRODUCTS_DIR; };
/* End PBXFileReference section */

/* Begin PBXFileSystemSynchronizedBuildFileExceptionSet section */
		99AA00012FB48E0000654C54 /* Exceptions for "Bakarat" folder in "Bakarat" target */ = {
			isa = PBXFileSystemSynchronizedBuildFileExceptionSet;
			membershipExceptions = (
				Info.plist,
			);
			target = 999B0B202FB47A6A00654C54 /* Bakarat */;
		};
/* End PBXFileSystemSynchronizedBuildFileExceptionSet section */

/* Begin PBXFileSystemSynchronizedRootGroup section */
		999B0B232FB47A6A00654C54 /* Bakarat */ = {
			isa = PBXFileSystemSynchronizedRootGroup;
			exceptions = (
				99AA00012FB48E0000654C54 /* Exceptions for "Bakarat" folder in "Bakarat" target */,
			);
			path = Bakarat;
			sourceTree = "<group>";
		};
		999B0B312FB47A6C00654C54 /* BakaratTests */ = {
			isa = PBXFileSystemSynchronizedRootGroup;
			path = BakaratTests;
			sourceTree = "<group>";
		};
		999B0B3B2FB47A6C00654C54 /* BakaratUITests */ = {
			isa = PBXFileSystemSynchronizedRootGroup;
			path = BakaratUITests;
			sourceTree = "<group>";
		};
/* End PBXFileSystemSynchronizedRootGroup section */

/* Begin PBXFrameworksBuildPhase section */
		999B0B1E2FB47A6A00654C54 /* Frameworks */ = {
			isa = PBXFrameworksBuildPhase;
			buildActionMask = 2147483647;
			files = (
				999B0BE52FB47D8000654C54 /* PostgREST in Frameworks */,
				999B0BE32FB47D8000654C54 /* Functions in Frameworks */,
				999B0BEB2FB47D8000654C54 /* Supabase in Frameworks */,
				999B0BE12FB47D8000654C54 /* Auth in Frameworks */,
				999B0BE92FB47D8000654C54 /* Storage in Frameworks */,
				999B0BE72FB47D8000654C54 /* Realtime in Frameworks */,
			);
			runOnlyForDeploymentPostprocessing = 0;
		};
		999B0B2B2FB47A6C00654C54 /* Frameworks */ = {
			isa = PBXFrameworksBuildPhase;
			buildActionMask = 2147483647;
			files = (
			);
			runOnlyForDeploymentPostprocessing = 0;
		};
		999B0B352FB47A6C00654C54 /* Frameworks */ = {
			isa = PBXFrameworksBuildPhase;
			buildActionMask = 2147483647;
			files = (
			);
			runOnlyForDeploymentPostprocessing = 0;
		};
/* End PBXFrameworksBuildPhase section */

/* Begin PBXGroup section */
		999B0B182FB47A6A00654C54 = {
			isa = PBXGroup;
			children = (
				999B0B232FB47A6A00654C54 /* Bakarat */,
				999B0B312FB47A6C00654C54 /* BakaratTests */,
				999B0B3B2FB47A6C00654C54 /* BakaratUITests */,
				999B0B222FB47A6A00654C54 /* Products */,
			);
			sourceTree = "<group>";
		};
		999B0B222FB47A6A00654C54 /* Products */ = {
			isa = PBXGroup;
			children = (
				999B0B212FB47A6A00654C54 /* Bakarat.app */,
				999B0B2E2FB47A6C00654C54 /* BakaratTests.xctest */,
				999B0B382FB47A6C00654C54 /* BakaratUITests.xctest */,
			);
			name = Products;
			sourceTree = "<group>";
		};
/* End PBXGroup section */

/* Begin PBXNativeTarget section */
		999B0B202FB47A6A00654C54 /* Bakarat */ = {
			isa = PBXNativeTarget;
			buildConfigurationList = 999B0B422FB47A6C00654C54 /* Build configuration list for PBXNativeTarget "Bakarat" */;
			buildPhases = (
				999B0B1D2FB47A6A00654C54 /* Sources */,
				999B0B1E2FB47A6A00654C54 /* Frameworks */,
				999B0B1F2FB47A6A00654C54 /* Resources */,
			);
			buildRules = (
			);
			dependencies = (
			);
			fileSystemSynchronizedGroups = (
				999B0B232FB47A6A00654C54 /* Bakarat */,
			);
			name = Bakarat;
			packageProductDependencies = (
				999B0BE02FB47D8000654C54 /* Auth */,
				999B0BE22FB47D8000654C54 /* Functions */,
				999B0BE42FB47D8000654C54 /* PostgREST */,
				999B0BE62FB47D8000654C54 /* Realtime */,
				999B0BE82FB47D8000654C54 /* Storage */,
				999B0BEA2FB47D8000654C54 /* Supabase */,
			);
			productName = Bakarat;
			productReference = 999B0B212FB47A6A00654C54 /* Bakarat.app */;
			productType = "com.apple.product-type.application";
		};
		999B0B2D2FB47A6C00654C54 /* BakaratTests */ = {
			isa = PBXNativeTarget;
			buildConfigurationList = 999B0B452FB47A6C00654C54 /* Build configuration list for PBXNativeTarget "BakaratTests" */;
			buildPhases = (
				999B0B2A2FB47A6C00654C54 /* Sources */,
				999B0B2B2FB47A6C00654C54 /* Frameworks */,
				999B0B2C2FB47A6C00654C54 /* Resources */,
			);
			buildRules = (
			);
			dependencies = (
				999B0B302FB47A6C00654C54 /* PBXTargetDependency */,
			);
			fileSystemSynchronizedGroups = (
				999B0B312FB47A6C00654C54 /* BakaratTests */,
			);
			name = BakaratTests;
			packageProductDependencies = (
			);
			productName = BakaratTests;
			productReference = 999B0B2E2FB47A6C00654C54 /* BakaratTests.xctest */;
			productType = "com.apple.product-type.bundle.unit-test";
		};
		999B0B372FB47A6C00654C54 /* BakaratUITests */ = {
			isa = PBXNativeTarget;
			buildConfigurationList = 999B0B482FB47A6C00654C54 /* Build configuration list for PBXNativeTarget "BakaratUITests" */;
			buildPhases = (
				999B0B342FB47A6C00654C54 /* Sources */,
				999B0B352FB47A6C00654C54 /* Frameworks */,
				999B0B362FB47A6C00654C54 /* Resources */,
			);
			buildRules = (
			);
			dependencies = (
				999B0B3A2FB47A6C00654C54 /* PBXTargetDependency */,
			);
			fileSystemSynchronizedGroups = (
				999B0B3B2FB47A6C00654C54 /* BakaratUITests */,
			);
			name = BakaratUITests;
			packageProductDependencies = (
			);
			productName = BakaratUITests;
			productReference = 999B0B382FB47A6C00654C54 /* BakaratUITests.xctest */;
			productType = "com.apple.product-type.bundle.ui-testing";
		};
/* End PBXNativeTarget section */

/* Begin PBXProject section */
		999B0B192FB47A6A00654C54 /* Project object */ = {
			isa = PBXProject;
			attributes = {
				BuildIndependentTargetsInParallel = 1;
				LastSwiftUpdateCheck = 2640;
				LastUpgradeCheck = 2640;
				TargetAttributes = {
					999B0B202FB47A6A00654C54 = {
						CreatedOnToolsVersion = 26.4;
					};
					999B0B2D2FB47A6C00654C54 = {
						CreatedOnToolsVersion = 26.4;
						TestTargetID = 999B0B202FB47A6A00654C54;
					};
					999B0B372FB47A6C00654C54 = {
						CreatedOnToolsVersion = 26.4;
						TestTargetID = 999B0B202FB47A6A00654C54;
					};
				};
			};
			buildConfigurationList = 999B0B1C2FB47A6A00654C54 /* Build configuration list for PBXProject "Bakarat" */;
			developmentRegion = en;
			hasScannedForEncodings = 0;
			knownRegions = (
				en,
				Base,
			);
			mainGroup = 999B0B182FB47A6A00654C54;
			minimizedProjectReferenceProxies = 1;
			packageReferences = (
				999B0BDF2FB47D8000654C54 /* XCRemoteSwiftPackageReference "supabase-swift" */,
			);
			preferredProjectObjectVersion = 77;
			productRefGroup = 999B0B222FB47A6A00654C54 /* Products */;
			projectDirPath = "";
			projectRoot = "";
			targets = (
				999B0B202FB47A6A00654C54 /* Bakarat */,
				999B0B2D2FB47A6C00654C54 /* BakaratTests */,
				999B0B372FB47A6C00654C54 /* BakaratUITests */,
			);
		};
/* End PBXProject section */

/* Begin PBXResourcesBuildPhase section */
		999B0B1F2FB47A6A00654C54 /* Resources */ = {
			isa = PBXResourcesBuildPhase;
			buildActionMask = 2147483647;
			files = (
			);
			runOnlyForDeploymentPostprocessing = 0;
		};
		999B0B2C2FB47A6C00654C54 /* Resources */ = {
			isa = PBXResourcesBuildPhase;
			buildActionMask = 2147483647;
			files = (
			);
			runOnlyForDeploymentPostprocessing = 0;
		};
		999B0B362FB47A6C00654C54 /* Resources */ = {
			isa = PBXResourcesBuildPhase;
			buildActionMask = 2147483647;
			files = (
			);
			runOnlyForDeploymentPostprocessing = 0;
		};
/* End PBXResourcesBuildPhase section */

/* Begin PBXSourcesBuildPhase section */
		999B0B1D2FB47A6A00654C54 /* Sources */ = {
			isa = PBXSourcesBuildPhase;
			buildActionMask = 2147483647;
			files = (
			);
			runOnlyForDeploymentPostprocessing = 0;
		};
		999B0B2A2FB47A6C00654C54 /* Sources */ = {
			isa = PBXSourcesBuildPhase;
			buildActionMask = 2147483647;
			files = (
			);
			runOnlyForDeploymentPostprocessing = 0;
		};
		999B0B342FB47A6C00654C54 /* Sources */ = {
			isa = PBXSourcesBuildPhase;
			buildActionMask = 2147483647;
			files = (
			);
			runOnlyForDeploymentPostprocessing = 0;
		};
/* End PBXSourcesBuildPhase section */

/* Begin PBXTargetDependency section */
		999B0B302FB47A6C00654C54 /* PBXTargetDependency */ = {
			isa = PBXTargetDependency;
			target = 999B0B202FB47A6A00654C54 /* Bakarat */;
			targetProxy = 999B0B2F2FB47A6C00654C54 /* PBXContainerItemProxy */;
		};
		999B0B3A2FB47A6C00654C54 /* PBXTargetDependency */ = {
			isa = PBXTargetDependency;
			target = 999B0B202FB47A6A00654C54 /* Bakarat */;
			targetProxy = 999B0B392FB47A6C00654C54 /* PBXContainerItemProxy */;
		};
/* End PBXTargetDependency section */

/* Begin XCBuildConfiguration section */
		999B0B402FB47A6C00654C54 /* Debug */ = {
			isa = XCBuildConfiguration;
			buildSettings = {
				ALWAYS_SEARCH_USER_PATHS = NO;
				ASSETCATALOG_COMPILER_GENERATE_SWIFT_ASSET_SYMBOL_EXTENSIONS = YES;
				CLANG_ANALYZER_NONNULL = YES;
				CLANG_ANALYZER_NUMBER_OBJECT_CONVERSION = YES_AGGRESSIVE;
				CLANG_CXX_LANGUAGE_STANDARD = "gnu++20";
				CLANG_ENABLE_MODULES = YES;
				CLANG_ENABLE_OBJC_ARC = YES;
				CLANG_ENABLE_OBJC_WEAK = YES;
				CLANG_WARN_BLOCK_CAPTURE_AUTORELEASING = YES;
				CLANG_WARN_BOOL_CONVERSION = YES;
				CLANG_WARN_COMMA = YES;
				CLANG_WARN_CONSTANT_CONVERSION = YES;
				CLANG_WARN_DEPRECATED_OBJC_IMPLEMENTATIONS = YES;
				CLANG_WARN_DIRECT_OBJC_ISA_USAGE = YES_ERROR;
				CLANG_WARN_DOCUMENTATION_COMMENTS = YES;
				CLANG_WARN_EMPTY_BODY = YES;
				CLANG_WARN_ENUM_CONVERSION = YES;
				CLANG_WARN_INFINITE_RECURSION = YES;
				CLANG_WARN_INT_CONVERSION = YES;
				CLANG_WARN_NON_LITERAL_NULL_CONVERSION = YES;
				CLANG_WARN_OBJC_IMPLICIT_RETAIN_SELF = YES;
				CLANG_WARN_OBJC_LITERAL_CONVERSION = YES;
				CLANG_WARN_OBJC_ROOT_CLASS = YES_ERROR;
				CLANG_WARN_QUOTED_INCLUDE_IN_FRAMEWORK_HEADER = YES;
				CLANG_WARN_RANGE_LOOP_ANALYSIS = YES;
				CLANG_WARN_STRICT_PROTOTYPES = YES;
				CLANG_WARN_SUSPICIOUS_MOVE = YES;
				CLANG_WARN_UNGUARDED_AVAILABILITY = YES_AGGRESSIVE;
				CLANG_WARN_UNREACHABLE_CODE = YES;
				CLANG_WARN__DUPLICATE_METHOD_MATCH = YES;
				COPY_PHASE_STRIP = NO;
				DEBUG_INFORMATION_FORMAT = dwarf;
				DEVELOPMENT_TEAM = 8ATC9B23MK;
				ENABLE_STRICT_OBJC_MSGSEND = YES;
				ENABLE_TESTABILITY = YES;
				ENABLE_USER_SCRIPT_SANDBOXING = YES;
				GCC_C_LANGUAGE_STANDARD = gnu17;
				GCC_DYNAMIC_NO_PIC = NO;
				GCC_NO_COMMON_BLOCKS = YES;
				GCC_OPTIMIZATION_LEVEL = 0;
				GCC_PREPROCESSOR_DEFINITIONS = (
					"DEBUG=1",
					"$(inherited)",
				);
				GCC_WARN_64_TO_32_BIT_CONVERSION = YES;
				GCC_WARN_ABOUT_RETURN_TYPE = YES_ERROR;
				GCC_WARN_UNDECLARED_SELECTOR = YES;
				GCC_WARN_UNINITIALIZED_AUTOS = YES_AGGRESSIVE;
				GCC_WARN_UNUSED_FUNCTION = YES;
				GCC_WARN_UNUSED_VARIABLE = YES;
				IPHONEOS_DEPLOYMENT_TARGET = 18.0;
				LOCALIZATION_PREFERS_STRING_CATALOGS = YES;
				MTL_ENABLE_DEBUG_INFO = INCLUDE_SOURCE;
				MTL_FAST_MATH = YES;
				ONLY_ACTIVE_ARCH = YES;
				SDKROOT = iphoneos;
				SWIFT_ACTIVE_COMPILATION_CONDITIONS = "DEBUG $(inherited)";
				SWIFT_OPTIMIZATION_LEVEL = "-Onone";
			};
			name = Debug;
		};
		999B0B412FB47A6C00654C54 /* Release */ = {
			isa = XCBuildConfiguration;
			buildSettings = {
				ALWAYS_SEARCH_USER_PATHS = NO;
				ASSETCATALOG_COMPILER_GENERATE_SWIFT_ASSET_SYMBOL_EXTENSIONS = YES;
				CLANG_ANALYZER_NONNULL = YES;
				CLANG_ANALYZER_NUMBER_OBJECT_CONVERSION = YES_AGGRESSIVE;
				CLANG_CXX_LANGUAGE_STANDARD = "gnu++20";
				CLANG_ENABLE_MODULES = YES;
				CLANG_ENABLE_OBJC_ARC = YES;
				CLANG_ENABLE_OBJC_WEAK = YES;
				CLANG_WARN_BLOCK_CAPTURE_AUTORELEASING = YES;
				CLANG_WARN_BOOL_CONVERSION = YES;
				CLANG_WARN_COMMA = YES;
				CLANG_WARN_CONSTANT_CONVERSION = YES;
				CLANG_WARN_DEPRECATED_OBJC_IMPLEMENTATIONS = YES;
				CLANG_WARN_DIRECT_OBJC_ISA_USAGE = YES_ERROR;
				CLANG_WARN_DOCUMENTATION_COMMENTS = YES;
				CLANG_WARN_EMPTY_BODY = YES;
				CLANG_WARN_ENUM_CONVERSION = YES;
				CLANG_WARN_INFINITE_RECURSION = YES;
				CLANG_WARN_INT_CONVERSION = YES;
				CLANG_WARN_NON_LITERAL_NULL_CONVERSION = YES;
				CLANG_WARN_OBJC_IMPLICIT_RETAIN_SELF = YES;
				CLANG_WARN_OBJC_LITERAL_CONVERSION = YES;
				CLANG_WARN_OBJC_ROOT_CLASS = YES_ERROR;
				CLANG_WARN_QUOTED_INCLUDE_IN_FRAMEWORK_HEADER = YES;
				CLANG_WARN_RANGE_LOOP_ANALYSIS = YES;
				CLANG_WARN_STRICT_PROTOTYPES = YES;
				CLANG_WARN_SUSPICIOUS_MOVE = YES;
				CLANG_WARN_UNGUARDED_AVAILABILITY = YES_AGGRESSIVE;
				CLANG_WARN_UNREACHABLE_CODE = YES;
				CLANG_WARN__DUPLICATE_METHOD_MATCH = YES;
				COPY_PHASE_STRIP = NO;
				DEBUG_INFORMATION_FORMAT = "dwarf-with-dsym";
				DEVELOPMENT_TEAM = 8ATC9B23MK;
				ENABLE_NS_ASSERTIONS = NO;
				ENABLE_STRICT_OBJC_MSGSEND = YES;
				ENABLE_USER_SCRIPT_SANDBOXING = YES;
				GCC_C_LANGUAGE_STANDARD = gnu17;
				GCC_NO_COMMON_BLOCKS = YES;
				GCC_WARN_64_TO_32_BIT_CONVERSION = YES;
				GCC_WARN_ABOUT_RETURN_TYPE = YES_ERROR;
				GCC_WARN_UNDECLARED_SELECTOR = YES;
				GCC_WARN_UNINITIALIZED_AUTOS = YES_AGGRESSIVE;
				GCC_WARN_UNUSED_FUNCTION = YES;
				GCC_WARN_UNUSED_VARIABLE = YES;
				IPHONEOS_DEPLOYMENT_TARGET = 18.0;
				LOCALIZATION_PREFERS_STRING_CATALOGS = YES;
				MTL_ENABLE_DEBUG_INFO = NO;
				MTL_FAST_MATH = YES;
				SDKROOT = iphoneos;
				SWIFT_COMPILATION_MODE = wholemodule;
				VALIDATE_PRODUCT = YES;
			};
			name = Release;
		};
		999B0B432FB47A6C00654C54 /* Debug */ = {
			isa = XCBuildConfiguration;
			buildSettings = {
				ASSETCATALOG_COMPILER_APPICON_NAME = AppIcon;
				ASSETCATALOG_COMPILER_GLOBAL_ACCENT_COLOR_NAME = AccentColor;
				CODE_SIGN_ENTITLEMENTS = Bakarat/Bakarat.entitlements;
				CODE_SIGN_STYLE = Automatic;
				CURRENT_PROJECT_VERSION = 9;
				DEVELOPMENT_TEAM = 8ATC9B23MK;
				ENABLE_PREVIEWS = YES;
				GENERATE_INFOPLIST_FILE = YES;
				INFOPLIST_FILE = Bakarat/Info.plist;
				INFOPLIST_KEY_UIApplicationSceneManifest_Generation = YES;
				INFOPLIST_KEY_UIApplicationSupportsIndirectInputEvents = YES;
				INFOPLIST_KEY_UILaunchScreen_Generation = YES;
				INFOPLIST_KEY_UISupportedInterfaceOrientations_iPad = "UIInterfaceOrientationPortrait UIInterfaceOrientationPortraitUpsideDown UIInterfaceOrientationLandscapeLeft UIInterfaceOrientationLandscapeRight";
				INFOPLIST_KEY_UISupportedInterfaceOrientations_iPhone = "UIInterfaceOrientationPortrait UIInterfaceOrientationLandscapeLeft UIInterfaceOrientationLandscapeRight";
				LD_RUNPATH_SEARCH_PATHS = (
					"$(inherited)",
					"@executable_path/Frameworks",
				);
				MARKETING_VERSION = 1.0;
				PRODUCT_BUNDLE_IDENTIFIER = com.sacha.Bakarat;
				PRODUCT_NAME = "$(TARGET_NAME)";
				STRING_CATALOG_GENERATE_SYMBOLS = YES;
				SWIFT_APPROACHABLE_CONCURRENCY = YES;
				SWIFT_DEFAULT_ACTOR_ISOLATION = MainActor;
				SWIFT_EMIT_LOC_STRINGS = YES;
				SWIFT_UPCOMING_FEATURE_MEMBER_IMPORT_VISIBILITY = YES;
				SWIFT_VERSION = 5.0;
				TARGETED_DEVICE_FAMILY = "1,2";
			};
			name = Debug;
		};
		999B0B442FB47A6C00654C54 /* Release */ = {
			isa = XCBuildConfiguration;
			buildSettings = {
				ASSETCATALOG_COMPILER_APPICON_NAME = AppIcon;
				ASSETCATALOG_COMPILER_GLOBAL_ACCENT_COLOR_NAME = AccentColor;
				CODE_SIGN_ENTITLEMENTS = Bakarat/Bakarat.entitlements;
				CODE_SIGN_STYLE = Automatic;
				CURRENT_PROJECT_VERSION = 9;
				DEVELOPMENT_TEAM = 8ATC9B23MK;
				ENABLE_PREVIEWS = YES;
				GENERATE_INFOPLIST_FILE = YES;
				INFOPLIST_FILE = Bakarat/Info.plist;
				INFOPLIST_KEY_UIApplicationSceneManifest_Generation = YES;
				INFOPLIST_KEY_UIApplicationSupportsIndirectInputEvents = YES;
				INFOPLIST_KEY_UILaunchScreen_Generation = YES;
				INFOPLIST_KEY_UISupportedInterfaceOrientations_iPad = "UIInterfaceOrientationPortrait UIInterfaceOrientationPortraitUpsideDown UIInterfaceOrientationLandscapeLeft UIInterfaceOrientationLandscapeRight";
				INFOPLIST_KEY_UISupportedInterfaceOrientations_iPhone = "UIInterfaceOrientationPortrait UIInterfaceOrientationLandscapeLeft UIInterfaceOrientationLandscapeRight";
				LD_RUNPATH_SEARCH_PATHS = (
					"$(inherited)",
					"@executable_path/Frameworks",
				);
				MARKETING_VERSION = 1.0;
				PRODUCT_BUNDLE_IDENTIFIER = com.sacha.Bakarat;
				PRODUCT_NAME = "$(TARGET_NAME)";
				STRING_CATALOG_GENERATE_SYMBOLS = YES;
				SWIFT_APPROACHABLE_CONCURRENCY = YES;
				SWIFT_DEFAULT_ACTOR_ISOLATION = MainActor;
				SWIFT_EMIT_LOC_STRINGS = YES;
				SWIFT_UPCOMING_FEATURE_MEMBER_IMPORT_VISIBILITY = YES;
				SWIFT_VERSION = 5.0;
				TARGETED_DEVICE_FAMILY = "1,2";
			};
			name = Release;
		};
		999B0B462FB47A6C00654C54 /* Debug */ = {
			isa = XCBuildConfiguration;
			buildSettings = {
				BUNDLE_LOADER = "$(TEST_HOST)";
				CODE_SIGN_STYLE = Automatic;
				CURRENT_PROJECT_VERSION = 9;
				DEVELOPMENT_TEAM = 8ATC9B23MK;
				GENERATE_INFOPLIST_FILE = YES;
				IPHONEOS_DEPLOYMENT_TARGET = 18.0;
				MARKETING_VERSION = 1.0;
				PRODUCT_BUNDLE_IDENTIFIER = com.sacha.BakaratTests;
				PRODUCT_NAME = "$(TARGET_NAME)";
				STRING_CATALOG_GENERATE_SYMBOLS = NO;
				SWIFT_APPROACHABLE_CONCURRENCY = YES;
				SWIFT_EMIT_LOC_STRINGS = NO;
				SWIFT_UPCOMING_FEATURE_MEMBER_IMPORT_VISIBILITY = YES;
				SWIFT_VERSION = 5.0;
				TARGETED_DEVICE_FAMILY = "1,2";
				TEST_HOST = "$(BUILT_PRODUCTS_DIR)/Bakarat.app/$(BUNDLE_EXECUTABLE_FOLDER_PATH)/Bakarat";
			};
			name = Debug;
		};
		999B0B472FB47A6C00654C54 /* Release */ = {
			isa = XCBuildConfiguration;
			buildSettings = {
				BUNDLE_LOADER = "$(TEST_HOST)";
				CODE_SIGN_STYLE = Automatic;
				CURRENT_PROJECT_VERSION = 9;
				DEVELOPMENT_TEAM = 8ATC9B23MK;
				GENERATE_INFOPLIST_FILE = YES;
				IPHONEOS_DEPLOYMENT_TARGET = 18.0;
				MARKETING_VERSION = 1.0;
				PRODUCT_BUNDLE_IDENTIFIER = com.sacha.BakaratTests;
				PRODUCT_NAME = "$(TARGET_NAME)";
				STRING_CATALOG_GENERATE_SYMBOLS = NO;
				SWIFT_APPROACHABLE_CONCURRENCY = YES;
				SWIFT_EMIT_LOC_STRINGS = NO;
				SWIFT_UPCOMING_FEATURE_MEMBER_IMPORT_VISIBILITY = YES;
				SWIFT_VERSION = 5.0;
				TARGETED_DEVICE_FAMILY = "1,2";
				TEST_HOST = "$(BUILT_PRODUCTS_DIR)/Bakarat.app/$(BUNDLE_EXECUTABLE_FOLDER_PATH)/Bakarat";
			};
			name = Release;
		};
		999B0B492FB47A6C00654C54 /* Debug */ = {
			isa = XCBuildConfiguration;
			buildSettings = {
				CODE_SIGN_STYLE = Automatic;
				CURRENT_PROJECT_VERSION = 9;
				DEVELOPMENT_TEAM = 8ATC9B23MK;
				GENERATE_INFOPLIST_FILE = YES;
				MARKETING_VERSION = 1.0;
				PRODUCT_BUNDLE_IDENTIFIER = com.sacha.BakaratUITests;
				PRODUCT_NAME = "$(TARGET_NAME)";
				STRING_CATALOG_GENERATE_SYMBOLS = NO;
				SWIFT_APPROACHABLE_CONCURRENCY = YES;
				SWIFT_EMIT_LOC_STRINGS = NO;
				SWIFT_UPCOMING_FEATURE_MEMBER_IMPORT_VISIBILITY = YES;
				SWIFT_VERSION = 5.0;
				TARGETED_DEVICE_FAMILY = "1,2";
				TEST_TARGET_NAME = Bakarat;
			};
			name = Debug;
		};
		999B0B4A2FB47A6C00654C54 /* Release */ = {
			isa = XCBuildConfiguration;
			buildSettings = {
				CODE_SIGN_STYLE = Automatic;
				CURRENT_PROJECT_VERSION = 9;
				DEVELOPMENT_TEAM = 8ATC9B23MK;
				GENERATE_INFOPLIST_FILE = YES;
				MARKETING_VERSION = 1.0;
				PRODUCT_BUNDLE_IDENTIFIER = com.sacha.BakaratUITests;
				PRODUCT_NAME = "$(TARGET_NAME)";
				STRING_CATALOG_GENERATE_SYMBOLS = NO;
				SWIFT_APPROACHABLE_CONCURRENCY = YES;
				SWIFT_EMIT_LOC_STRINGS = NO;
				SWIFT_UPCOMING_FEATURE_MEMBER_IMPORT_VISIBILITY = YES;
				SWIFT_VERSION = 5.0;
				TARGETED_DEVICE_FAMILY = "1,2";
				TEST_TARGET_NAME = Bakarat;
			};
			name = Release;
		};
/* End XCBuildConfiguration section */

/* Begin XCConfigurationList section */
		999B0B1C2FB47A6A00654C54 /* Build configuration list for PBXProject "Bakarat" */ = {
			isa = XCConfigurationList;
			buildConfigurations = (
				999B0B402FB47A6C00654C54 /* Debug */,
				999B0B412FB47A6C00654C54 /* Release */,
			);
			defaultConfigurationIsVisible = 0;
			defaultConfigurationName = Release;
		};
		999B0B422FB47A6C00654C54 /* Build configuration list for PBXNativeTarget "Bakarat" */ = {
			isa = XCConfigurationList;
			buildConfigurations = (
				999B0B432FB47A6C00654C54 /* Debug */,
				999B0B442FB47A6C00654C54 /* Release */,
			);
			defaultConfigurationIsVisible = 0;
			defaultConfigurationName = Release;
		};
		999B0B452FB47A6C00654C54 /* Build configuration list for PBXNativeTarget "BakaratTests" */ = {
			isa = XCConfigurationList;
			buildConfigurations = (
				999B0B462FB47A6C00654C54 /* Debug */,
				999B0B472FB47A6C00654C54 /* Release */,
			);
			defaultConfigurationIsVisible = 0;
			defaultConfigurationName = Release;
		};
		999B0B482FB47A6C00654C54 /* Build configuration list for PBXNativeTarget "BakaratUITests" */ = {
			isa = XCConfigurationList;
			buildConfigurations = (
				999B0B492FB47A6C00654C54 /* Debug */,
				999B0B4A2FB47A6C00654C54 /* Release */,
			);
			defaultConfigurationIsVisible = 0;
			defaultConfigurationName = Release;
		};
/* End XCConfigurationList section */

/* Begin XCRemoteSwiftPackageReference section */
		999B0BDF2FB47D8000654C54 /* XCRemoteSwiftPackageReference "supabase-swift" */ = {
			isa = XCRemoteSwiftPackageReference;
			repositoryURL = "https://github.com/supabase/supabase-swift.git";
			requirement = {
				kind = upToNextMajorVersion;
				minimumVersion = 2.55.2;
			};
		};
/* End XCRemoteSwiftPackageReference section */

/* Begin XCSwiftPackageProductDependency section */
		999B0BE02FB47D8000654C54 /* Auth */ = {
			isa = XCSwiftPackageProductDependency;
			package = 999B0BDF2FB47D8000654C54 /* XCRemoteSwiftPackageReference "supabase-swift" */;
			productName = Auth;
		};
		999B0BE22FB47D8000654C54 /* Functions */ = {
			isa = XCSwiftPackageProductDependency;
			package = 999B0BDF2FB47D8000654C54 /* XCRemoteSwiftPackageReference "supabase-swift" */;
			productName = Functions;
		};
		999B0BE42FB47D8000654C54 /* PostgREST */ = {
			isa = XCSwiftPackageProductDependency;
			package = 999B0BDF2FB47D8000654C54 /* XCRemoteSwiftPackageReference "supabase-swift" */;
			productName = PostgREST;
		};
		999B0BE62FB47D8000654C54 /* Realtime */ = {
			isa = XCSwiftPackageProductDependency;
			package = 999B0BDF2FB47D8000654C54 /* XCRemoteSwiftPackageReference "supabase-swift" */;
			productName = Realtime;
		};
		999B0BE82FB47D8000654C54 /* Storage */ = {
			isa = XCSwiftPackageProductDependency;
			package = 999B0BDF2FB47D8000654C54 /* XCRemoteSwiftPackageReference "supabase-swift" */;
			productName = Storage;
		};
		999B0BEA2FB47D8000654C54 /* Supabase */ = {
			isa = XCSwiftPackageProductDependency;
			package = 999B0BDF2FB47D8000654C54 /* XCRemoteSwiftPackageReference "supabase-swift" */;
			productName = Supabase;
		};
/* End XCSwiftPackageProductDependency section */
	};
	rootObject = 999B0B192FB47A6A00654C54 /* Project object */;
}
